{
  "object": {
    "pins": [
      {
        "package": "Snap",
        "repositoryURL": "https://github.com/nerdsupremacist/Snap.git",
        "state": {
          "branch": null,
          "revision": "29943b7064547f391ea8352dea04903e2263d831",
          "version": "0.2.2"
        }
      }
    ]
  },
  "version": 1
}
